# THIS IS AN AUTOGENERATED FILE. DO NOT EDIT THIS FILE DIRECTLY.
# yarn lockfile v1


"@slimio/is@^1.5.1":
  "integrity" "sha512-xQ0AgodIE8nHYy508AVmpxqnIr/Ytyz5Xm7I6NQU33+RvDzs94T9c0dTnUWuariByLr1geXXe6kMaTM9TcOIEA=="
  "resolved" "https://registry.npmjs.org/@slimio/is/-/is-1.5.1.tgz"
  "version" "1.5.1"

"@types/esprima@^4.0.2":
  "integrity" "sha512-DKqdyuy7Go7ir6iKhZ0jUvgt/h9Q5zb9xS+fLeeXD2QSHv8gC6TimgujBBGfw8dHrpx4+u2HlMv7pkYOOfuUqg=="
  "resolved" "https://registry.npmjs.org/@types/esprima/-/esprima-4.0.2.tgz"
  "version" "4.0.2"
  dependencies:
    "@types/estree" "*"

"@types/estree@*", "@types/estree@^0.0.51":
  "integrity" "sha512-CuPgU6f3eT/XgKKPqKd/gLZV1Xmvf1a2R5POBOGQa6uv82xpls89HU5zKeVoyR8XzHd1RGNOlQlvUe3CFkjWNQ=="
  "resolved" "https://registry.npmjs.org/@types/estree/-/estree-0.0.51.tgz"
  "version" "0.0.51"

"@types/node@^13.11.0":
  "integrity" "sha512-uM4mnmsIIPK/yeO+42F2RQhGUIs39K2RFmugcJANppXe6J1nvH87PvzPZYpza7Xhhs8Yn9yIAVdLZ84z61+0xQ=="
  "resolved" "https://registry.npmjs.org/@types/node/-/node-13.11.0.tgz"
  "version" "13.11.0"

"acorn@^8.5.0":
  "integrity" "sha512-Xx54uLJQZ19lKygFXOWsscKUbsBZW0CPykPhVQdhIeIwrbPmJzqeASDInc8nKBnp/JT6igTs82qPXz069H8I/A=="
  "resolved" "https://registry.npmjs.org/acorn/-/acorn-8.7.1.tgz"
  "version" "8.7.1"

"buffer-from@^1.0.0":
  "integrity" "sha512-E+XQCRwSbaaiChtv6k6Dwgc+bx+Bs6vuKJHHl5kox/BaKbhiXzqQOwK4cO22yElGp2OCmjwVhT3HmxgyPGnJfQ=="
  "resolved" "https://registry.npmjs.org/buffer-from/-/buffer-from-1.1.2.tgz"
  "version" "1.1.2"

"commander@^2.20.0":
  "integrity" "sha512-GpVkmM8vF2vQUkj2LvZmD35JxeJOLCwJ9cUkugyk2nuhbv3+mJvpLYYt+0+USMxE+oj+ey/lJEnhZw75x/OMcQ=="
  "resolved" "https://registry.npmjs.org/commander/-/commander-2.20.3.tgz"
  "version" "2.20.3"

"commander@^9.2.0":
  "integrity" "sha512-e2i4wANQiSXgnrBlIatyHtP1odfUp0BbV5Y5nEGbxtIrStkEOAAzCUirvLBNXHLr7kwLvJl6V+4V3XV9x7Wd9w=="
  "resolved" "https://registry.npmjs.org/commander/-/commander-9.2.0.tgz"
  "version" "9.2.0"

"esprima@^4.0.1":
  "integrity" "sha512-eGuFFw7Upda+g4p+QHvnW0RyTX/SVeJBDM/gCtMARO0cLuT2HcEKnTPvhjV6aGeqrCB/sbNop0Kszm0jsaWU4A=="
  "resolved" "https://registry.npmjs.org/esprima/-/esprima-4.0.1.tgz"
  "version" "4.0.1"

"lodash.sortby@^4.7.0":
  "integrity" "sha1-7dFMgk4sycHgsKG0K7UhBRakJDg="
  "resolved" "https://registry.npmjs.org/lodash.sortby/-/lodash.sortby-4.7.0.tgz"
  "version" "4.7.0"

"node-estree@^3.1.0":
  "integrity" "sha512-Au8RrdfNCbvzT3/POUQjQnArLGpqXpuLrK0fU0acGSynjRA1CFWQ6mExO8HPR7mc9Q4RqemNJg/yTvm3E2nBqw=="
  "resolved" "https://registry.npmjs.org/node-estree/-/node-estree-3.1.0.tgz"
  "version" "3.1.0"
  dependencies:
    "@slimio/is" "^1.5.1"

"punycode@^2.1.0":
  "integrity" "sha512-XRsRjdf+j5ml+y/6GKHPZbrF/8p2Yga0JPtdqTIY2Xe5ohJPD9saDJJLPvp9+NSBprVvevdXZybnj2cv8OEd0A=="
  "resolved" "https://registry.npmjs.org/punycode/-/punycode-2.1.1.tgz"
  "version" "2.1.1"

"source-map-support@~0.5.20":
  "integrity" "sha512-uBHU3L3czsIyYXKX88fdrGovxdSCoTGDRZ6SYXtSRxLZUzHg5P/66Ht6uoUlHu9EZod+inXhKo3qQgwXUT/y1w=="
  "resolved" "https://registry.npmjs.org/source-map-support/-/source-map-support-0.5.21.tgz"
  "version" "0.5.21"
  dependencies:
    "buffer-from" "^1.0.0"
    "source-map" "^0.6.0"

"source-map@^0.6.0":
  "integrity" "sha512-UjgapumWlbMhkBgzT7Ykc5YXUT46F0iKu8SGXq0bcwP5dz/h0Plj6enJqjz1Zbq2l5WaqYnrVbwWOWMyF3F47g=="
  "resolved" "https://registry.npmjs.org/source-map/-/source-map-0.6.1.tgz"
  "version" "0.6.1"

"source-map@~0.8.0-beta.0":
  "integrity" "sha512-2ymg6oRBpebeZi9UUNsgQ89bhx01TcTkmNTGnNO88imTmbSgy4nfujrgVEFKWpMTEGA11EDkTt7mqObTPdigIA=="
  "resolved" "https://registry.npmjs.org/source-map/-/source-map-0.8.0-beta.0.tgz"
  "version" "0.8.0-beta.0"
  dependencies:
    "whatwg-url" "^7.0.0"

"terser@^5.13.1":
  "integrity" "sha512-hn4WKOfwnwbYfe48NgrQjqNOH9jzLqRcIfbYytOXCOv46LBfWr9bDS17MQqOi+BWGD0sJK3Sj5NC/gJjiojaoA=="
  "resolved" "https://registry.npmjs.org/terser/-/terser-5.13.1.tgz"
  "version" "5.13.1"
  dependencies:
    "acorn" "^8.5.0"
    "commander" "^2.20.0"
    "source-map" "~0.8.0-beta.0"
    "source-map-support" "~0.5.20"

"tr46@^1.0.1":
  "integrity" "sha1-qLE/1r/SSJUZZ0zN5VujaTtwbQk="
  "resolved" "https://registry.npmjs.org/tr46/-/tr46-1.0.1.tgz"
  "version" "1.0.1"
  dependencies:
    "punycode" "^2.1.0"

"typescript@^3.8.3":
  "integrity" "sha512-MYlEfn5VrLNsgudQTVJeNaQFUAI7DkhnOjdpAp4T+ku1TfQClewlbSuTVHiA+8skNBgaf02TL/kLOvig4y3G8w=="
  "resolved" "https://registry.npmjs.org/typescript/-/typescript-3.8.3.tgz"
  "version" "3.8.3"

"webidl-conversions@^4.0.2":
  "integrity" "sha512-YQ+BmxuTgd6UXZW3+ICGfyqRyHXVlD5GtQr5+qjiNW7bF0cqrzX500HVXPBOvgXb5YnzDd+h0zqyv61KUD7+Sg=="
  "resolved" "https://registry.npmjs.org/webidl-conversions/-/webidl-conversions-4.0.2.tgz"
  "version" "4.0.2"

"whatwg-url@^7.0.0":
  "integrity" "sha512-WUu7Rg1DroM7oQvGWfOiAK21n74Gg+T4elXEQYkOhtyLeWiJFoOGLXPKI/9gzIie9CtwVLm8wtw6YJdKyxSjeg=="
  "resolved" "https://registry.npmjs.org/whatwg-url/-/whatwg-url-7.1.0.tgz"
  "version" "7.1.0"
  dependencies:
    "lodash.sortby" "^4.7.0"
    "tr46" "^1.0.1"
    "webidl-conversions" "^4.0.2"
